
Microsoft Visual Studio Solution File, Format Version 12.00
# Visual Studio Version 17
VisualStudioVersion = 17.13.35931.197 d17.13
MinimumVisualStudioVersion = 10.0.40219.1
Project("{FAE04EC0-301F-11D3-BF4B-00C04F79EFBC}") = "TH.Lab2.4", "TH.Lab2.4.csproj", "{1DF23506-043D-4E0B-B4FE-AF1D56AE3513}"
EndProject
Global
	GlobalSection(SolutionConfigurationPlatforms) = preSolution
		Debug|Any CPU = Debug|Any CPU
		Release|Any CPU = Release|Any CPU
	EndGlobalSection
	GlobalSection(ProjectConfigurationPlatforms) = postSolution
		{1DF23506-043D-4E0B-B4FE-AF1D56AE3513}.Debug|Any CPU.ActiveCfg = Debug|Any CPU
		{1DF23506-043D-4E0B-B4FE-AF1D56AE3513}.Debug|Any CPU.Build.0 = Debug|Any CPU
		{1DF23506-043D-4E0B-B4FE-AF1D56AE3513}.Release|Any CPU.ActiveCfg = Release|Any CPU
		{1DF23506-043D-4E0B-B4FE-AF1D56AE3513}.Release|Any CPU.Build.0 = Release|Any CPU
	EndGlobalSection
	GlobalSection(SolutionProperties) = preSolution
		HideSolutionNode = FALSE
	EndGlobalSection
	GlobalSection(ExtensibilityGlobals) = postSolution
		SolutionGuid = {02D8DB00-17D1-4AFA-A8DE-607B70461DB8}
	EndGlobalSection
EndGlobal
